
Microsoft Visual Studio Solution File, Format Version 12.00
# Visual Studio Version 16
VisualStudioVersion = 16.0.30114.105
MinimumVisualStudioVersion = 10.0.40219.1
Project("{FAE04EC0-301F-11D3-BF4B-00C04F79EFBC}") = "DHHelper", "DHHelper\DHHelper.csproj", "{B2AD9DEA-D147-4169-8538-C3D89A65B051}"
EndProject
Project("{FAE04EC0-301F-11D3-BF4B-00C04F79EFBC}") = "DHSDK", "DHSDK\DHSDK.csproj", "{8B2D6415-E1AB-4564-9551-A8F943EC91F2}"
EndProject
Project("{FAE04EC0-301F-11D3-BF4B-00C04F79EFBC}") = "OpenApiHelperUnitTest", "OpenApiHelperUnitTest\OpenApiHelperUnitTest.csproj", "{797C6082-2D99-47C4-B521-39631C7A9217}"
EndProject
Project("{FAE04EC0-301F-11D3-BF4B-00C04F79EFBC}") = "DHSDKUnitTest", "DHSDKUnitTest\DHSDKUnitTest.csproj", "{8768E5EA-3935-4304-A6AB-B565B0FCFB5D}"
EndProject
Global
	GlobalSection(SolutionConfigurationPlatforms) = preSolution
		Debug|Any CPU = Debug|Any CPU
		Release|Any CPU = Release|Any CPU
	EndGlobalSection
	GlobalSection(SolutionProperties) = preSolution
		HideSolutionNode = FALSE
	EndGlobalSection
	GlobalSection(ProjectConfigurationPlatforms) = postSolution
		{B2AD9DEA-D147-4169-8538-C3D89A65B051}.Debug|Any CPU.ActiveCfg = Debug|Any CPU
		{B2AD9DEA-D147-4169-8538-C3D89A65B051}.Debug|Any CPU.Build.0 = Debug|Any CPU
		{B2AD9DEA-D147-4169-8538-C3D89A65B051}.Release|Any CPU.ActiveCfg = Release|Any CPU
		{B2AD9DEA-D147-4169-8538-C3D89A65B051}.Release|Any CPU.Build.0 = Release|Any CPU
		{8B2D6415-E1AB-4564-9551-A8F943EC91F2}.Debug|Any CPU.ActiveCfg = Debug|Any CPU
		{8B2D6415-E1AB-4564-9551-A8F943EC91F2}.Debug|Any CPU.Build.0 = Debug|Any CPU
		{8B2D6415-E1AB-4564-9551-A8F943EC91F2}.Release|Any CPU.ActiveCfg = Release|Any CPU
		{8B2D6415-E1AB-4564-9551-A8F943EC91F2}.Release|Any CPU.Build.0 = Release|Any CPU
		{797C6082-2D99-47C4-B521-39631C7A9217}.Debug|Any CPU.ActiveCfg = Debug|Any CPU
		{797C6082-2D99-47C4-B521-39631C7A9217}.Debug|Any CPU.Build.0 = Debug|Any CPU
		{797C6082-2D99-47C4-B521-39631C7A9217}.Release|Any CPU.ActiveCfg = Release|Any CPU
		{797C6082-2D99-47C4-B521-39631C7A9217}.Release|Any CPU.Build.0 = Release|Any CPU
		{8768E5EA-3935-4304-A6AB-B565B0FCFB5D}.Debug|Any CPU.ActiveCfg = Debug|Any CPU
		{8768E5EA-3935-4304-A6AB-B565B0FCFB5D}.Debug|Any CPU.Build.0 = Debug|Any CPU
		{8768E5EA-3935-4304-A6AB-B565B0FCFB5D}.Release|Any CPU.ActiveCfg = Release|Any CPU
		{8768E5EA-3935-4304-A6AB-B565B0FCFB5D}.Release|Any CPU.Build.0 = Release|Any CPU
	EndGlobalSection
EndGlobal
